{
  "name": "@dotrino/terminal-agent",
  "version": "0.19.1",
  "lockfileVersion": 3,
  "requires": true,
  "packages": {
    "": {
      "name": "@dotrino/terminal-agent",
      "version": "0.19.1",
      "license": "MIT",
      "dependencies": {
        "@dotrino/identity": "0.107.2",
        "@dotrino/proxy-client": "0.27.1",
        "@dotrino/remote-agent": "0.14.0",
        "@dotrino/update": "0.2.2",
        "@dotrino/vault": "0.79.0",
        "@xterm/addon-serialize": "0.13.0",
        "@xterm/headless": "5.5.0",
        "node-pty": "1.2.0-beta.15"
      },
      "bin": {
        "dotrino-terminal": "bin/terminal.js",
        "dotrino-terminal-agent": "bin/cli.js"
      },
      "devDependencies": {
        "@types/node": "^22.0.0",
        "typescript": "5.9.3"
      },
      "engines": {
        "node": ">=20"
      }
    },
    "node_modules/@dotrino/identity": {
      "version": "0.107.2",
      "resolved": "https://registry.npmjs.org/@dotrino/identity/-/identity-0.107.2.tgz",
      "integrity": "sha512-ZjJ7phAcJ51fAbkQeFB+gvyaxpSfx+gpR5ujI8CBACglvyoyvX2srcUaYWMiD97YYaH6W+nJgyhpPx9eBRKv2g==",
      "license": "MIT",
      "peerDependencies": {
        "@dotrino/proxy-client": ">=0.13.1"
      }
    },
    "node_modules/@dotrino/opaque": {
      "version": "0.1.0",
      "resolved": "https://registry.npmjs.org/@dotrino/opaque/-/opaque-0.1.0.tgz",
      "integrity": "sha512-F/gAqQ1fSllCNnbKIBqGj25+yAe+hycmRDdAvGnIi3p0FS3+3SRx0OVwPtdPi7dRdPTes25vvR8xJktCYC2M+Q==",
      "license": "MIT",
      "engines": {
        "node": ">=20"
      }
    },
    "node_modules/@dotrino/proxy-client": {
      "version": "0.27.1",
      "resolved": "https://registry.npmjs.org/@dotrino/proxy-client/-/proxy-client-0.27.1.tgz",
      "integrity": "sha512-x/5rX/tqRl9rXiImKcegnq9yF3qkBfTOb0Yt7L5tYd1AawzahL5fetq4zLmJUADY9IQ3twltr7hqa+iR9dhEzw==",
      "license": "MIT",
      "peerDependencies": {
        "@dotrino/identity": ">=0.53.0"
      },
      "peerDependenciesMeta": {
        "@dotrino/identity": {
          "optional": true
        }
      }
    },
    "node_modules/@dotrino/remote-agent": {
      "version": "0.14.0",
      "resolved": "https://registry.npmjs.org/@dotrino/remote-agent/-/remote-agent-0.14.0.tgz",
      "integrity": "sha512-hlLZiSkDXulm29EvcL24+Ku7FUq90FJ3nws1XMhrdyVbvk0nTkzoZVluF66Ow1pzXBfDRQ8CIu8AIh4Lmm09+A==",
      "license": "MIT",
      "dependencies": {
        "ws": "8.21.0"
      },
      "engines": {
        "node": ">=18"
      },
      "peerDependencies": {
        "@dotrino/identity": ">=0.92.0",
        "@dotrino/proxy-client": ">=0.18.2",
        "@dotrino/vault": ">=0.64.0"
      }
    },
    "node_modules/@dotrino/update": {
      "version": "0.2.2",
      "resolved": "https://registry.npmjs.org/@dotrino/update/-/update-0.2.2.tgz",
      "integrity": "sha512-1ogLDXO3T/U+WzWVcuERcVlPci/02e9R6g3uLQ/OaiSE1yN7HIAYR/VMyDxc0POCZa8L4dTDMNPUjpSY29rv8Q==",
      "license": "MIT"
    },
    "node_modules/@dotrino/vault": {
      "version": "0.79.0",
      "resolved": "https://registry.npmjs.org/@dotrino/vault/-/vault-0.79.0.tgz",
      "integrity": "sha512-WawFzyrCb4Lquj4b8iECzVdND5G83Ao7AQO7GZaL70lFBuHdcNnCQCvpGDIuOzJD5ebwuyKPd0LbI0IBKjtMng==",
      "license": "MIT",
      "dependencies": {
        "@dotrino/opaque": "0.1.0",
        "@dotrino/update": "0.1.1"
      },
      "bin": {
        "dotrino-env": "bin/dotrino-env.js"
      },
      "peerDependencies": {
        "@dotrino/identity": ">=0.99.0",
        "@dotrino/proxy-client": ">=0.23.1"
      }
    },
    "node_modules/@dotrino/vault/node_modules/@dotrino/update": {
      "version": "0.1.1",
      "resolved": "https://registry.npmjs.org/@dotrino/update/-/update-0.1.1.tgz",
      "integrity": "sha512-jNpgmguPKbY1gX6RHa5r6+T0qiJ9k5RWfGhIaRdqI8cwg4snClCcysl9guouUmORjXlLeZLXGgYkIR6EkQAKEQ==",
      "license": "MIT"
    },
    "node_modules/@types/node": {
      "version": "22.20.4",
      "resolved": "https://registry.npmjs.org/@types/node/-/node-22.20.4.tgz",
      "integrity": "sha512-zJRE40jpHtKqE/C4fgHrAKQLJuSpzEnP9ff9Y7YtoR3Wd2pwqzlekDeEuUQXjRd+QCYnVnNwuJYmhdk9XV8gvA==",
      "dev": true,
      "license": "MIT",
      "dependencies": {
        "undici-types": "~6.21.0"
      }
    },
    "node_modules/@xterm/addon-serialize": {
      "version": "0.13.0",
      "resolved": "https://registry.npmjs.org/@xterm/addon-serialize/-/addon-serialize-0.13.0.tgz",
      "integrity": "sha512-kGs8o6LWAmN1l2NpMp01/YkpxbmO4UrfWybeGu79Khw5K9+Krp7XhXbBTOTc3GJRRhd6EmILjpR8k5+odY39YQ==",
      "license": "MIT",
      "peerDependencies": {
        "@xterm/xterm": "^5.0.0"
      }
    },
    "node_modules/@xterm/headless": {
      "version": "5.5.0",
      "resolved": "https://registry.npmjs.org/@xterm/headless/-/headless-5.5.0.tgz",
      "integrity": "sha512-5xXB7kdQlFBP82ViMJTwwEc3gKCLGKR/eoxQm4zge7GPBl86tCdI0IdPJjoKd8mUSFXz5V7i/25sfsEkP4j46g==",
      "license": "MIT"
    },
    "node_modules/@xterm/xterm": {
      "version": "5.5.0",
      "resolved": "https://registry.npmjs.org/@xterm/xterm/-/xterm-5.5.0.tgz",
      "integrity": "sha512-hqJHYaQb5OptNunnyAnkHyM8aCjZ1MEIDTQu1iIbbTD/xops91NB5yq1ZK/dC2JDbVWtF23zUtl9JE2NqwT87A==",
      "license": "MIT",
      "peer": true
    },
    "node_modules/node-addon-api": {
      "version": "7.1.1",
      "resolved": "https://registry.npmjs.org/node-addon-api/-/node-addon-api-7.1.1.tgz",
      "integrity": "sha512-5m3bsyrjFWE1xf7nz7YXdN4udnVtXK6/Yfgn5qnahL6bCkf2yKt4k3nuTKAtT4r3IG8JNR2ncsIMdZuAzJjHQQ==",
      "license": "MIT"
    },
    "node_modules/node-pty": {
      "version": "1.2.0-beta.15",
      "resolved": "https://registry.npmjs.org/node-pty/-/node-pty-1.2.0-beta.15.tgz",
      "integrity": "sha512-vORSzHXi4Ofl7HemVWpuudLqCPdaQb4LfpRCUpE5HPxhp4JYscl8zZwxh11p26v2wvW24WMwnMfLjhRLixrfxA==",
      "hasInstallScript": true,
      "license": "MIT",
      "dependencies": {
        "node-addon-api": "^7.1.0"
      }
    },
    "node_modules/typescript": {
      "version": "5.9.3",
      "resolved": "https://registry.npmjs.org/typescript/-/typescript-5.9.3.tgz",
      "integrity": "sha512-jl1vZzPDinLr9eUt3J/t7V6FgNEw9QjvBPdysz9KfQDD41fQrC2Y4vKQdiaUpFT4bXlb1RHhLpp8wtm6M5TgSw==",
      "dev": true,
      "license": "Apache-2.0",
      "bin": {
        "tsc": "bin/tsc",
        "tsserver": "bin/tsserver"
      },
      "engines": {
        "node": ">=14.17"
      }
    },
    "node_modules/undici-types": {
      "version": "6.21.0",
      "resolved": "https://registry.npmjs.org/undici-types/-/undici-types-6.21.0.tgz",
      "integrity": "sha512-iwDZqg0QAGrg9Rav5H4n0M64c3mkR59cJ6wQp+7C4nI0gsmExaedaYLNO44eT4AtBBwjbTiGPMlt2Md0T9H9JQ==",
      "dev": true,
      "license": "MIT"
    },
    "node_modules/ws": {
      "version": "8.21.0",
      "resolved": "https://registry.npmjs.org/ws/-/ws-8.21.0.tgz",
      "integrity": "sha512-Vsp28b7DRcimFQvrqu2Wek3z1iYxDCWqHYB8Qsnk/S4RfaCQzPGPyBNuVjJV3cd6UiKtUtp6sNM77gWvzcCH+g==",
      "license": "MIT",
      "engines": {
        "node": ">=10.0.0"
      },
      "peerDependencies": {
        "bufferutil": "^4.0.1",
        "utf-8-validate": ">=5.0.2"
      },
      "peerDependenciesMeta": {
        "bufferutil": {
          "optional": true
        },
        "utf-8-validate": {
          "optional": true
        }
      }
    }
  }
}
